# This file is automatically @generated by Cargo.
# It is not intended for manual editing.
version = 4

[[package]]
name = "tv-admin"
version = "0.0.0"
dependencies = [
 "tv-formats",
]

[[package]]
name = "tv-aggregator"
version = "0.0.0"
dependencies = [
 "tv-formats",
]

[[package]]
name = "tv-audit-log"
version = "0.0.0"
dependencies = [
 "tv-formats",
]

[[package]]
name = "tv-ballot-ui"
version = "0.0.0"
dependencies = [
 "tv-formats",
]

[[package]]
name = "tv-bat"
version = "0.0.0"
dependencies = [
 "tv-formats",
]

[[package]]
name = "tv-boot"
version = "0.0.0"
dependencies = [
 "tv-formats",
]

[[package]]
name = "tv-def-sign"
version = "0.0.0"
dependencies = [
 "tv-formats",
]

[[package]]
name = "tv-ems"
version = "0.0.0"
dependencies = [
 "tv-formats",
]

[[package]]
name = "tv-export"
version = "0.0.0"
dependencies = [
 "tv-formats",
]

[[package]]
name = "tv-formats"
version = "0.0.0"

[[package]]
name = "tv-ops-dashboard"
version = "0.0.0"
dependencies = [
 "tv-formats",
]

[[package]]
name = "tv-os"
version = "0.0.0"
dependencies = [
 "tv-formats",
]

[[package]]
name = "tv-pollbook"
version = "0.0.0"
dependencies = [
 "tv-formats",
]

[[package]]
name = "tv-printer"
version = "0.0.0"
dependencies = [
 "tv-formats",
]

[[package]]
name = "tv-publisher"
version = "0.0.0"
dependencies = [
 "tv-formats",
]

[[package]]
name = "tv-scanner"
version = "0.0.0"
dependencies = [
 "tv-formats",
]

[[package]]
name = "tv-tabulate"
version = "0.0.0"
dependencies = [
 "tv-formats",
]

[[package]]
name = "tv-tamper"
version = "0.0.0"
dependencies = [
 "tv-formats",
]

[[package]]
name = "tv-transparency-log"
version = "0.0.0"
dependencies = [
 "tv-formats",
]

[[package]]
name = "tv-update"
version = "0.0.0"
dependencies = [
 "tv-formats",
]

[[package]]
name = "tv-update-station"
version = "0.0.0"
dependencies = [
 "tv-formats",
]

[[package]]
name = "tv-verifier"
version = "0.0.0"
dependencies = [
 "tv-formats",
]
